// !$*UTF8*$!
{
	archiveVersion = 1;
	classes = {
	};
	objectVersion = 46;
	objects = {

/* Begin PBXBuildFile section */
		1469B7001BC387CA009AF14D /* Back-100.png in Resources */ = {isa = PBXBuildFile; fileRef = 1469B6F71BC387CA009AF14D /* Back-100.png */; };
		1469B7011BC387CA009AF14D /* Back-120X120.png in Resources */ = {isa = PBXBuildFile; fileRef = 1469B6F81BC387CA009AF14D /* Back-120X120.png */; };
		1469B7021BC387CA009AF14D /* BG.jpg in Resources */ = {isa = PBXBuildFile; fileRef = 1469B6F91BC387CA009AF14D /* BG.jpg */; };
		1469B7031BC387CA009AF14D /* Login.jpg in Resources */ = {isa = PBXBuildFile; fileRef = 1469B6FA1BC387CA009AF14D /* Login.jpg */; };
		1469B7041BC387CA009AF14D /* page 1.jpg in Resources */ = {isa = PBXBuildFile; fileRef = 1469B6FB1BC387CA009AF14D /* page 1.jpg */; };
		1469B7051BC387CA009AF14D /* page 2.jpg in Resources */ = {isa = PBXBuildFile; fileRef = 1469B6FC1BC387CA009AF14D /* page 2.jpg */; };
		1469B7061BC387CA009AF14D /* page 4.jpg in Resources */ = {isa = PBXBuildFile; fileRef = 1469B6FD1BC387CA009AF14D /* page 4.jpg */; };
		1469B7071BC387CA009AF14D /* Shade-BG.png in Resources */ = {isa = PBXBuildFile; fileRef = 1469B6FE1BC387CA009AF14D /* Shade-BG.png */; };
		1469B7081BC387CA009AF14D /* Text Bg.png in Resources */ = {isa = PBXBuildFile; fileRef = 1469B6FF1BC387CA009AF14D /* Text Bg.png */; };
		1469B70C1BC3A07D009AF14D /* LoginViewController.swift in Sources */ = {isa = PBXBuildFile; fileRef = 1469B70A1BC3A07D009AF14D /* LoginViewController.swift */; };
		1469B70D1BC3A07D009AF14D /* LoginViewController.xib in Resources */ = {isa = PBXBuildFile; fileRef = 1469B70B1BC3A07D009AF14D /* LoginViewController.xib */; };
		1469B7101BC3D0EF009AF14D /* RegisterViewController.swift in Sources */ = {isa = PBXBuildFile; fileRef = 1469B70E1BC3D0EF009AF14D /* RegisterViewController.swift */; };
		1469B7111BC3D0EF009AF14D /* RegisterViewController.xib in Resources */ = {isa = PBXBuildFile; fileRef = 1469B70F1BC3D0EF009AF14D /* RegisterViewController.xib */; };
		1480B58A1BC25E7F00AE417B /* AppDelegate.swift in Sources */ = {isa = PBXBuildFile; fileRef = 1480B5891BC25E7F00AE417B /* AppDelegate.swift */; };
		1480B58D1BC25E7F00AE417B /* Smarte.xcdatamodeld in Sources */ = {isa = PBXBuildFile; fileRef = 1480B58B1BC25E7F00AE417B /* Smarte.xcdatamodeld */; };
		1480B58F1BC25E7F00AE417B /* ViewController.swift in Sources */ = {isa = PBXBuildFile; fileRef = 1480B58E1BC25E7F00AE417B /* ViewController.swift */; };
		1480B5921BC25E7F00AE417B /* Main.storyboard in Resources */ = {isa = PBXBuildFile; fileRef = 1480B5901BC25E7F00AE417B /* Main.storyboard */; };
		1480B5941BC25E7F00AE417B /* Images.xcassets in Resources */ = {isa = PBXBuildFile; fileRef = 1480B5931BC25E7F00AE417B /* Images.xcassets */; };
		1480B5971BC25E7F00AE417B /* LaunchScreen.xib in Resources */ = {isa = PBXBuildFile; fileRef = 1480B5951BC25E7F00AE417B /* LaunchScreen.xib */; };
		1480B5A31BC25E8000AE417B /* SmarteTests.swift in Sources */ = {isa = PBXBuildFile; fileRef = 1480B5A21BC25E8000AE417B /* SmarteTests.swift */; };
		1480B5AF1BC2732600AE417B /* ViewController.xib in Resources */ = {isa = PBXBuildFile; fileRef = 1480B5AE1BC2732600AE417B /* ViewController.xib */; };
		148BDA9E1BC4F561007803B2 /* LoginPageViewController.swift in Sources */ = {isa = PBXBuildFile; fileRef = 148BDA9C1BC4F561007803B2 /* LoginPageViewController.swift */; };
		148BDA9F1BC4F561007803B2 /* LoginPageViewController.xib in Resources */ = {isa = PBXBuildFile; fileRef = 148BDA9D1BC4F561007803B2 /* LoginPageViewController.xib */; };
		148BDAA41BC502BB007803B2 /* DateCollectionViewCell.swift in Sources */ = {isa = PBXBuildFile; fileRef = 148BDAA21BC502BB007803B2 /* DateCollectionViewCell.swift */; };
		148BDAA51BC502BB007803B2 /* DateCollectionViewCell.xib in Resources */ = {isa = PBXBuildFile; fileRef = 148BDAA31BC502BB007803B2 /* DateCollectionViewCell.xib */; };
		148BDAA81BC508D4007803B2 /* AttendanceCollectionViewCell.swift in Sources */ = {isa = PBXBuildFile; fileRef = 148BDAA61BC508D4007803B2 /* AttendanceCollectionViewCell.swift */; };
		148BDAA91BC508D4007803B2 /* AttendanceCollectionViewCell.xib in Resources */ = {isa = PBXBuildFile; fileRef = 148BDAA71BC508D4007803B2 /* AttendanceCollectionViewCell.xib */; };
		148C1BAF1BC6511A00EEE9CF /* smarteee.png in Resources */ = {isa = PBXBuildFile; fileRef = 148C1BAE1BC6511A00EEE9CF /* smarteee.png */; };
		148D2BEC1BD4BA9900559338 /* BeaconFinder.m in Sources */ = {isa = PBXBuildFile; fileRef = 148D2BE41BD4BA9900559338 /* BeaconFinder.m */; };
		148D2BED1BD4BA9900559338 /* beacons.json in Resources */ = {isa = PBXBuildFile; fileRef = 148D2BE51BD4BA9900559338 /* beacons.json */; };
		148D2BEF1BD4BA9900559338 /* iBeaconHandler.m in Sources */ = {isa = PBXBuildFile; fileRef = 148D2BE91BD4BA9900559338 /* iBeaconHandler.m */; };
		148D2BF81BD4EB9800559338 /* SmarteModel.swift in Sources */ = {isa = PBXBuildFile; fileRef = 148D2BF71BD4EB9800559338 /* SmarteModel.swift */; };
/* End PBXBuildFile section */

/* Begin PBXContainerItemProxy section */
		1480B59D1BC25E7F00AE417B /* PBXContainerItemProxy */ = {
			isa = PBXContainerItemProxy;
			containerPortal = 1480B57C1BC25E7F00AE417B /* Project object */;
			proxyType = 1;
			remoteGlobalIDString = 1480B5831BC25E7F00AE417B;
			remoteInfo = Smarte;
		};
/* End PBXContainerItemProxy section */

/* Begin PBXFileReference section */
		1469B6F71BC387CA009AF14D /* Back-100.png */ = {isa = PBXFileReference; lastKnownFileType = image.png; name = "Back-100.png"; path = "smartescreens/Back-100.png"; sourceTree = "<group>"; };
		1469B6F81BC387CA009AF14D /* Back-120X120.png */ = {isa = PBXFileReference; lastKnownFileType = image.png; name = "Back-120X120.png"; path = "smartescreens/Back-120X120.png"; sourceTree = "<group>"; };
		1469B6F91BC387CA009AF14D /* BG.jpg */ = {isa = PBXFileReference; lastKnownFileType = image.jpeg; name = BG.jpg; path = smartescreens/BG.jpg; sourceTree = "<group>"; };
		1469B6FA1BC387CA009AF14D /* Login.jpg */ = {isa = PBXFileReference; lastKnownFileType = image.jpeg; name = Login.jpg; path = smartescreens/Login.jpg; sourceTree = "<group>"; };
		1469B6FB1BC387CA009AF14D /* page 1.jpg */ = {isa = PBXFileReference; lastKnownFileType = image.jpeg; name = "page 1.jpg"; path = "smartescreens/page 1.jpg"; sourceTree = "<group>"; };
		1469B6FC1BC387CA009AF14D /* page 2.jpg */ = {isa = PBXFileReference; lastKnownFileType = image.jpeg; name = "page 2.jpg"; path = "smartescreens/page 2.jpg"; sourceTree = "<group>"; };
		1469B6FD1BC387CA009AF14D /* page 4.jpg */ = {isa = PBXFileReference; lastKnownFileType = image.jpeg; name = "page 4.jpg"; path = "smartescreens/page 4.jpg"; sourceTree = "<group>"; };
		1469B6FE1BC387CA009AF14D /* Shade-BG.png */ = {isa = PBXFileReference; lastKnownFileType = image.png; name = "Shade-BG.png"; path = "smartescreens/Shade-BG.png"; sourceTree = "<group>"; };
		1469B6FF1BC387CA009AF14D /* Text Bg.png */ = {isa = PBXFileReference; lastKnownFileType = image.png; name = "Text Bg.png"; path = "smartescreens/Text Bg.png"; sourceTree = "<group>"; };
		1469B70A1BC3A07D009AF14D /* LoginViewController.swift */ = {isa = PBXFileReference; fileEncoding = 4; lastKnownFileType = sourcecode.swift; path = LoginViewController.swift; sourceTree = "<group>"; };
		1469B70B1BC3A07D009AF14D /* LoginViewController.xib */ = {isa = PBXFileReference; fileEncoding = 4; lastKnownFileType = file.xib; path = LoginViewController.xib; sourceTree = "<group>"; };
		1469B70E1BC3D0EF009AF14D /* RegisterViewController.swift */ = {isa = PBXFileReference; fileEncoding = 4; lastKnownFileType = sourcecode.swift; path = RegisterViewController.swift; sourceTree = "<group>"; };
		1469B70F1BC3D0EF009AF14D /* RegisterViewController.xib */ = {isa = PBXFileReference; fileEncoding = 4; lastKnownFileType = file.xib; path = RegisterViewController.xib; sourceTree = "<group>"; };
		1480B5841BC25E7F00AE417B /* Smarte.app */ = {isa = PBXFileReference; explicitFileType = wrapper.application; includeInIndex = 0; path = Smarte.app; sourceTree = BUILT_PRODUCTS_DIR; };
		1480B5881BC25E7F00AE417B /* Info.plist */ = {isa = PBXFileReference; lastKnownFileType = text.plist.xml; path = Info.plist; sourceTree = "<group>"; };
		1480B5891BC25E7F00AE417B /* AppDelegate.swift */ = {isa = PBXFileReference; lastKnownFileType = sourcecode.swift; path = AppDelegate.swift; sourceTree = "<group>"; };
		1480B58C1BC25E7F00AE417B /* Smarte.xcdatamodel */ = {isa = PBXFileReference; lastKnownFileType = wrapper.xcdatamodel; path = Smarte.xcdatamodel; sourceTree = "<group>"; };
		1480B58E1BC25E7F00AE417B /* ViewController.swift */ = {isa = PBXFileReference; lastKnownFileType = sourcecode.swift; path = ViewController.swift; sourceTree = "<group>"; };
		1480B5911BC25E7F00AE417B /* Base */ = {isa = PBXFileReference; lastKnownFileType = file.storyboard; name = Base; path = Base.lproj/Main.storyboard; sourceTree = "<group>"; };
		1480B5931BC25E7F00AE417B /* Images.xcassets */ = {isa = PBXFileReference; lastKnownFileType = folder.assetcatalog; path = Images.xcassets; sourceTree = "<group>"; };
		1480B5961BC25E7F00AE417B /* Base */ = {isa = PBXFileReference; lastKnownFileType = file.xib; name = Base; path = Base.lproj/LaunchScreen.xib; sourceTree = "<group>"; };
		1480B59C1BC25E7F00AE417B /* SmarteTests.xctest */ = {isa = PBXFileReference; explicitFileType = wrapper.cfbundle; includeInIndex = 0; path = SmarteTests.xctest; sourceTree = BUILT_PRODUCTS_DIR; };
		1480B5A11BC25E7F00AE417B /* Info.plist */ = {isa = PBXFileReference; lastKnownFileType = text.plist.xml; path = Info.plist; sourceTree = "<group>"; };
		1480B5A21BC25E8000AE417B /* SmarteTests.swift */ = {isa = PBXFileReference; lastKnownFileType = sourcecode.swift; path = SmarteTests.swift; sourceTree = "<group>"; };
		1480B5AE1BC2732600AE417B /* ViewController.xib */ = {isa = PBXFileReference; fileEncoding = 4; lastKnownFileType = file.xib; path = ViewController.xib; sourceTree = "<group>"; };
		148BDA9C1BC4F561007803B2 /* LoginPageViewController.swift */ = {isa = PBXFileReference; fileEncoding = 4; lastKnownFileType = sourcecode.swift; path = LoginPageViewController.swift; sourceTree = "<group>"; };
		148BDA9D1BC4F561007803B2 /* LoginPageViewController.xib */ = {isa = PBXFileReference; fileEncoding = 4; lastKnownFileType = file.xib; path = LoginPageViewController.xib; sourceTree = "<group>"; };
		148BDAA21BC502BB007803B2 /* DateCollectionViewCell.swift */ = {isa = PBXFileReference; fileEncoding = 4; lastKnownFileType = sourcecode.swift; path = DateCollectionViewCell.swift; sourceTree = "<group>"; };
		148BDAA31BC502BB007803B2 /* DateCollectionViewCell.xib */ = {isa = PBXFileReference; fileEncoding = 4; lastKnownFileType = file.xib; path = DateCollectionViewCell.xib; sourceTree = "<group>"; };
		148BDAA61BC508D4007803B2 /* AttendanceCollectionViewCell.swift */ = {isa = PBXFileReference; fileEncoding = 4; lastKnownFileType = sourcecode.swift; path = AttendanceCollectionViewCell.swift; sourceTree = "<group>"; };
		148BDAA71BC508D4007803B2 /* AttendanceCollectionViewCell.xib */ = {isa = PBXFileReference; fileEncoding = 4; lastKnownFileType = file.xib; path = AttendanceCollectionViewCell.xib; sourceTree = "<group>"; };
		148C1BAE1BC6511A00EEE9CF /* smarteee.png */ = {isa = PBXFileReference; lastKnownFileType = image.png; path = smarteee.png; sourceTree = "<group>"; };
		148D2BE21BD4BA9800559338 /* Smarte-Bridging-Header.h */ = {isa = PBXFileReference; lastKnownFileType = sourcecode.c.h; path = "Smarte-Bridging-Header.h"; sourceTree = "<group>"; };
		148D2BE31BD4BA9900559338 /* BeaconFinder.h */ = {isa = PBXFileReference; fileEncoding = 4; lastKnownFileType = sourcecode.c.h; path = BeaconFinder.h; sourceTree = "<group>"; };
		148D2BE41BD4BA9900559338 /* BeaconFinder.m */ = {isa = PBXFileReference; fileEncoding = 4; lastKnownFileType = sourcecode.c.objc; path = BeaconFinder.m; sourceTree = "<group>"; };
		148D2BE51BD4BA9900559338 /* beacons.json */ = {isa = PBXFileReference; fileEncoding = 4; lastKnownFileType = text.json; path = beacons.json; sourceTree = "<group>"; };
		148D2BE81BD4BA9900559338 /* iBeaconHandler.h */ = {isa = PBXFileReference; fileEncoding = 4; lastKnownFileType = sourcecode.c.h; path = iBeaconHandler.h; sourceTree = "<group>"; };
		148D2BE91BD4BA9900559338 /* iBeaconHandler.m */ = {isa = PBXFileReference; fileEncoding = 4; lastKnownFileType = sourcecode.c.objc; path = iBeaconHandler.m; sourceTree = "<group>"; };
		148D2BF11BD4BC6C00559338 /* Constants.h */ = {isa = PBXFileReference; lastKnownFileType = sourcecode.c.h; path = Constants.h; sourceTree = "<group>"; };
		148D2BF71BD4EB9800559338 /* SmarteModel.swift */ = {isa = PBXFileReference; fileEncoding = 4; lastKnownFileType = sourcecode.swift; path = SmarteModel.swift; sourceTree = "<group>"; };
/* End PBXFileReference section */

/* Begin PBXFrameworksBuildPhase section */
		1480B5811BC25E7F00AE417B /* Frameworks */ = {
			isa = PBXFrameworksBuildPhase;
			buildActionMask = 2147483647;
			files = (
			);
			runOnlyForDeploymentPostprocessing = 0;
		};
		1480B5991BC25E7F00AE417B /* Frameworks */ = {
			isa = PBXFrameworksBuildPhase;
			buildActionMask = 2147483647;
			files = (
			);
			runOnlyForDeploymentPostprocessing = 0;
		};
/* End PBXFrameworksBuildPhase section */

/* Begin PBXGroup section */
		1469B7091BC387CF009AF14D /* Images */ = {
			isa = PBXGroup;
			children = (
				1469B6F71BC387CA009AF14D /* Back-100.png */,
				1469B6F81BC387CA009AF14D /* Back-120X120.png */,
				1469B6F91BC387CA009AF14D /* BG.jpg */,
				1469B6FA1BC387CA009AF14D /* Login.jpg */,
				1469B6FB1BC387CA009AF14D /* page 1.jpg */,
				148C1BAE1BC6511A00EEE9CF /* smarteee.png */,
				1469B6FC1BC387CA009AF14D /* page 2.jpg */,
				1469B6FD1BC387CA009AF14D /* page 4.jpg */,
				1469B6FE1BC387CA009AF14D /* Shade-BG.png */,
				1469B6FF1BC387CA009AF14D /* Text Bg.png */,
			);
			name = Images;
			sourceTree = "<group>";
		};
		1469B7121BC3DA8D009AF14D /* Login View Controller */ = {
			isa = PBXGroup;
			children = (
				1469B70A1BC3A07D009AF14D /* LoginViewController.swift */,
				1469B70B1BC3A07D009AF14D /* LoginViewController.xib */,
			);
			name = "Login View Controller";
			sourceTree = "<group>";
		};
		1469B7131BC3DAC2009AF14D /* Register View Controller */ = {
			isa = PBXGroup;
			children = (
				1469B70F1BC3D0EF009AF14D /* RegisterViewController.xib */,
				1469B70E1BC3D0EF009AF14D /* RegisterViewController.swift */,
				148D2BF71BD4EB9800559338 /* SmarteModel.swift */,
				148C1BAD1BC6356000EEE9CF /* New Group */,
			);
			name = "Register View Controller";
			sourceTree = "<group>";
		};
		1469B7141BC3DAE0009AF14D /* View Controller  */ = {
			isa = PBXGroup;
			children = (
				1480B58E1BC25E7F00AE417B /* ViewController.swift */,
				1480B5AE1BC2732600AE417B /* ViewController.xib */,
			);
			name = "View Controller ";
			sourceTree = "<group>";
		};
		1480B57B1BC25E7F00AE417B = {
			isa = PBXGroup;
			children = (
				1480B5861BC25E7F00AE417B /* Smarte */,
				1480B59F1BC25E7F00AE417B /* SmarteTests */,
				1480B5851BC25E7F00AE417B /* Products */,
			);
			sourceTree = "<group>";
		};
		1480B5851BC25E7F00AE417B /* Products */ = {
			isa = PBXGroup;
			children = (
				1480B5841BC25E7F00AE417B /* Smarte.app */,
				1480B59C1BC25E7F00AE417B /* SmarteTests.xctest */,
			);
			name = Products;
			sourceTree = "<group>";
		};
		1480B5861BC25E7F00AE417B /* Smarte */ = {
			isa = PBXGroup;
			children = (
				148D2BE31BD4BA9900559338 /* BeaconFinder.h */,
				148D2BE41BD4BA9900559338 /* BeaconFinder.m */,
				148D2BE51BD4BA9900559338 /* beacons.json */,
				148D2BF11BD4BC6C00559338 /* Constants.h */,
				148D2BE81BD4BA9900559338 /* iBeaconHandler.h */,
				148D2BE91BD4BA9900559338 /* iBeaconHandler.m */,
				1469B7091BC387CF009AF14D /* Images */,
				1480B5891BC25E7F00AE417B /* AppDelegate.swift */,
				1469B7141BC3DAE0009AF14D /* View Controller  */,
				1469B7121BC3DA8D009AF14D /* Login View Controller */,
				1469B7131BC3DAC2009AF14D /* Register View Controller */,
				1480B5901BC25E7F00AE417B /* Main.storyboard */,
				1480B5931BC25E7F00AE417B /* Images.xcassets */,
				1480B5951BC25E7F00AE417B /* LaunchScreen.xib */,
				1480B58B1BC25E7F00AE417B /* Smarte.xcdatamodeld */,
				1480B5871BC25E7F00AE417B /* Supporting Files */,
				148D2BE21BD4BA9800559338 /* Smarte-Bridging-Header.h */,
			);
			path = Smarte;
			sourceTree = "<group>";
		};
		1480B5871BC25E7F00AE417B /* Supporting Files */ = {
			isa = PBXGroup;
			children = (
				1480B5881BC25E7F00AE417B /* Info.plist */,
			);
			name = "Supporting Files";
			sourceTree = "<group>";
		};
		1480B59F1BC25E7F00AE417B /* SmarteTests */ = {
			isa = PBXGroup;
			children = (
				1480B5A21BC25E8000AE417B /* SmarteTests.swift */,
				1480B5A01BC25E7F00AE417B /* Supporting Files */,
			);
			path = SmarteTests;
			sourceTree = "<group>";
		};
		1480B5A01BC25E7F00AE417B /* Supporting Files */ = {
			isa = PBXGroup;
			children = (
				1480B5A11BC25E7F00AE417B /* Info.plist */,
			);
			name = "Supporting Files";
			sourceTree = "<group>";
		};
		148BDAA11BC4F5B3007803B2 /* LoginPageViewController */ = {
			isa = PBXGroup;
			children = (
				148BDA9C1BC4F561007803B2 /* LoginPageViewController.swift */,
				148BDA9D1BC4F561007803B2 /* LoginPageViewController.xib */,
				148BDAA21BC502BB007803B2 /* DateCollectionViewCell.swift */,
				148BDAA31BC502BB007803B2 /* DateCollectionViewCell.xib */,
				148BDAA61BC508D4007803B2 /* AttendanceCollectionViewCell.swift */,
				148BDAA71BC508D4007803B2 /* AttendanceCollectionViewCell.xib */,
			);
			name = LoginPageViewController;
			sourceTree = "<group>";
		};
		148C1BAD1BC6356000EEE9CF /* New Group */ = {
			isa = PBXGroup;
			children = (
				148BDAA11BC4F5B3007803B2 /* LoginPageViewController */,
			);
			name = "New Group";
			sourceTree = "<group>";
		};
/* End PBXGroup section */

/* Begin PBXNativeTarget section */
		1480B5831BC25E7F00AE417B /* Smarte */ = {
			isa = PBXNativeTarget;
			buildConfigurationList = 1480B5A61BC25E8000AE417B /* Build configuration list for PBXNativeTarget "Smarte" */;
			buildPhases = (
				1480B5801BC25E7F00AE417B /* Sources */,
				1480B5811BC25E7F00AE417B /* Frameworks */,
				1480B5821BC25E7F00AE417B /* Resources */,
			);
			buildRules = (
			);
			dependencies = (
			);
			name = Smarte;
			productName = Smarte;
			productReference = 1480B5841BC25E7F00AE417B /* Smarte.app */;
			productType = "com.apple.product-type.application";
		};
		1480B59B1BC25E7F00AE417B /* SmarteTests */ = {
			isa = PBXNativeTarget;
			buildConfigurationList = 1480B5A91BC25E8000AE417B /* Build configuration list for PBXNativeTarget "SmarteTests" */;
			buildPhases = (
				1480B5981BC25E7F00AE417B /* Sources */,
				1480B5991BC25E7F00AE417B /* Frameworks */,
				1480B59A1BC25E7F00AE417B /* Resources */,
			);
			buildRules = (
			);
			dependencies = (
				1480B59E1BC25E7F00AE417B /* PBXTargetDependency */,
			);
			name = SmarteTests;
			productName = SmarteTests;
			productReference = 1480B59C1BC25E7F00AE417B /* SmarteTests.xctest */;
			productType = "com.apple.product-type.bundle.unit-test";
		};
/* End PBXNativeTarget section */

/* Begin PBXProject section */
		1480B57C1BC25E7F00AE417B /* Project object */ = {
			isa = PBXProject;
			attributes = {
				LastUpgradeCheck = 0640;
				ORGANIZATIONNAME = sinergia;
				TargetAttributes = {
					1480B5831BC25E7F00AE417B = {
						CreatedOnToolsVersion = 6.4;
					};
					1480B59B1BC25E7F00AE417B = {
						CreatedOnToolsVersion = 6.4;
						TestTargetID = 1480B5831BC25E7F00AE417B;
					};
				};
			};
			buildConfigurationList = 1480B57F1BC25E7F00AE417B /* Build configuration list for PBXProject "Smarte" */;
			compatibilityVersion = "Xcode 3.2";
			developmentRegion = English;
			hasScannedForEncodings = 0;
			knownRegions = (
				en,
				Base,
			);
			mainGroup = 1480B57B1BC25E7F00AE417B;
			productRefGroup = 1480B5851BC25E7F00AE417B /* Products */;
			projectDirPath = "";
			projectRoot = "";
			targets = (
				1480B5831BC25E7F00AE417B /* Smarte */,
				1480B59B1BC25E7F00AE417B /* SmarteTests */,
			);
		};
/* End PBXProject section */

/* Begin PBXResourcesBuildPhase section */
		1480B5821BC25E7F00AE417B /* Resources */ = {
			isa = PBXResourcesBuildPhase;
			buildActionMask = 2147483647;
			files = (
				1480B5AF1BC2732600AE417B /* ViewController.xib in Resources */,
				148BDA9F1BC4F561007803B2 /* LoginPageViewController.xib in Resources */,
				148BDAA91BC508D4007803B2 /* AttendanceCollectionViewCell.xib in Resources */,
				1469B7061BC387CA009AF14D /* page 4.jpg in Resources */,
				1469B7031BC387CA009AF14D /* Login.jpg in Resources */,
				1469B7081BC387CA009AF14D /* Text Bg.png in Resources */,
				1480B5921BC25E7F00AE417B /* Main.storyboard in Resources */,
				1469B7051BC387CA009AF14D /* page 2.jpg in Resources */,
				1480B5971BC25E7F00AE417B /* LaunchScreen.xib in Resources */,
				1469B7041BC387CA009AF14D /* page 1.jpg in Resources */,
				1469B7011BC387CA009AF14D /* Back-120X120.png in Resources */,
				148C1BAF1BC6511A00EEE9CF /* smarteee.png in Resources */,
				1469B7001BC387CA009AF14D /* Back-100.png in Resources */,
				1469B7021BC387CA009AF14D /* BG.jpg in Resources */,
				1469B7111BC3D0EF009AF14D /* RegisterViewController.xib in Resources */,
				1469B7071BC387CA009AF14D /* Shade-BG.png in Resources */,
				148BDAA51BC502BB007803B2 /* DateCollectionViewCell.xib in Resources */,
				1469B70D1BC3A07D009AF14D /* LoginViewController.xib in Resources */,
				1480B5941BC25E7F00AE417B /* Images.xcassets in Resources */,
				148D2BED1BD4BA9900559338 /* beacons.json in Resources */,
			);
			runOnlyForDeploymentPostprocessing = 0;
		};
		1480B59A1BC25E7F00AE417B /* Resources */ = {
			isa = PBXResourcesBuildPhase;
			buildActionMask = 2147483647;
			files = (
			);
			runOnlyForDeploymentPostprocessing = 0;
		};
/* End PBXResourcesBuildPhase section */

/* Begin PBXSourcesBuildPhase section */
		1480B5801BC25E7F00AE417B /* Sources */ = {
			isa = PBXSourcesBuildPhase;
			buildActionMask = 2147483647;
			files = (
				1469B70C1BC3A07D009AF14D /* LoginViewController.swift in Sources */,
				1469B7101BC3D0EF009AF14D /* RegisterViewController.swift in Sources */,
				1480B58F1BC25E7F00AE417B /* ViewController.swift in Sources */,
				148BDA9E1BC4F561007803B2 /* LoginPageViewController.swift in Sources */,
				1480B58A1BC25E7F00AE417B /* AppDelegate.swift in Sources */,
				148D2BEC1BD4BA9900559338 /* BeaconFinder.m in Sources */,
				148D2BF81BD4EB9800559338 /* SmarteModel.swift in Sources */,
				1480B58D1BC25E7F00AE417B /* Smarte.xcdatamodeld in Sources */,
				148BDAA41BC502BB007803B2 /* DateCollectionViewCell.swift in Sources */,
				148BDAA81BC508D4007803B2 /* AttendanceCollectionViewCell.swift in Sources */,
				148D2BEF1BD4BA9900559338 /* iBeaconHandler.m in Sources */,
			);
			runOnlyForDeploymentPostprocessing = 0;
		};
		1480B5981BC25E7F00AE417B /* Sources */ = {
			isa = PBXSourcesBuildPhase;
			buildActionMask = 2147483647;
			files = (
				1480B5A31BC25E8000AE417B /* SmarteTests.swift in Sources */,
			);
			runOnlyForDeploymentPostprocessing = 0;
		};
/* End PBXSourcesBuildPhase section */

/* Begin PBXTargetDependency section */
		1480B59E1BC25E7F00AE417B /* PBXTargetDependency */ = {
			isa = PBXTargetDependency;
			target = 1480B5831BC25E7F00AE417B /* Smarte */;
			targetProxy = 1480B59D1BC25E7F00AE417B /* PBXContainerItemProxy */;
		};
/* End PBXTargetDependency section */

/* Begin PBXVariantGroup section */
		1480B5901BC25E7F00AE417B /* Main.storyboard */ = {
			isa = PBXVariantGroup;
			children = (
				1480B5911BC25E7F00AE417B /* Base */,
			);
			name = Main.storyboard;
			sourceTree = "<group>";
		};
		1480B5951BC25E7F00AE417B /* LaunchScreen.xib */ = {
			isa = PBXVariantGroup;
			children = (
				1480B5961BC25E7F00AE417B /* Base */,
			);
			name = LaunchScreen.xib;
			sourceTree = "<group>";
		};
/* End PBXVariantGroup section */

/* Begin XCBuildConfiguration section */
		1480B5A41BC25E8000AE417B /* Debug */ = {
			isa = XCBuildConfiguration;
			buildSettings = {
				ALWAYS_SEARCH_USER_PATHS = NO;
				CLANG_CXX_LANGUAGE_STANDARD = "gnu++0x";
				CLANG_CXX_LIBRARY = "libc++";
				CLANG_ENABLE_MODULES = YES;
				CLANG_ENABLE_OBJC_ARC = YES;
				CLANG_WARN_BOOL_CONVERSION = YES;
				CLANG_WARN_CONSTANT_CONVERSION = YES;
				CLANG_WARN_DIRECT_OBJC_ISA_USAGE = YES_ERROR;
				CLANG_WARN_EMPTY_BODY = YES;
				CLANG_WARN_ENUM_CONVERSION = YES;
				CLANG_WARN_INT_CONVERSION = YES;
				CLANG_WARN_OBJC_ROOT_CLASS = YES_ERROR;
				CLANG_WARN_UNREACHABLE_CODE = YES;
				CLANG_WARN__DUPLICATE_METHOD_MATCH = YES;
				"CODE_SIGN_IDENTITY[sdk=iphoneos*]" = "iPhone Developer";
				COPY_PHASE_STRIP = NO;
				DEBUG_INFORMATION_FORMAT = "dwarf-with-dsym";
				ENABLE_STRICT_OBJC_MSGSEND = YES;
				GCC_C_LANGUAGE_STANDARD = gnu99;
				GCC_DYNAMIC_NO_PIC = NO;
				GCC_NO_COMMON_BLOCKS = YES;
				GCC_OPTIMIZATION_LEVEL = 0;
				GCC_PREPROCESSOR_DEFINITIONS = (
					"DEBUG=1",
					"$(inherited)",
				);
				GCC_SYMBOLS_PRIVATE_EXTERN = NO;
				GCC_WARN_64_TO_32_BIT_CONVERSION = YES;
				GCC_WARN_ABOUT_RETURN_TYPE = YES_ERROR;
				GCC_WARN_UNDECLARED_SELECTOR = YES;
				GCC_WARN_UNINITIALIZED_AUTOS = YES_AGGRESSIVE;
				GCC_WARN_UNUSED_FUNCTION = YES;
				GCC_WARN_UNUSED_VARIABLE = YES;
				IPHONEOS_DEPLOYMENT_TARGET = 8.4;
				MTL_ENABLE_DEBUG_INFO = YES;
				ONLY_ACTIVE_ARCH = YES;
				SDKROOT = iphoneos;
				SWIFT_OPTIMIZATION_LEVEL = "-Onone";
			};
			name = Debug;
		};
		1480B5A51BC25E8000AE417B /* Release */ = {
			isa = XCBuildConfiguration;
			buildSettings = {
				ALWAYS_SEARCH_USER_PATHS = NO;
				CLANG_CXX_LANGUAGE_STANDARD = "gnu++0x";
				CLANG_CXX_LIBRARY = "libc++";
				CLANG_ENABLE_MODULES = YES;
				CLANG_ENABLE_OBJC_ARC = YES;
				CLANG_WARN_BOOL_CONVERSION = YES;
				CLANG_WARN_CONSTANT_CONVERSION = YES;
				CLANG_WARN_DIRECT_OBJC_ISA_USAGE = YES_ERROR;
				CLANG_WARN_EMPTY_BODY = YES;
				CLANG_WARN_ENUM_CONVERSION = YES;
				CLANG_WARN_INT_CONVERSION = YES;
				CLANG_WARN_OBJC_ROOT_CLASS = YES_ERROR;
				CLANG_WARN_UNREACHABLE_CODE = YES;
				CLANG_WARN__DUPLICATE_METHOD_MATCH = YES;
				"CODE_SIGN_IDENTITY[sdk=iphoneos*]" = "iPhone Developer";
				COPY_PHASE_STRIP = NO;
				DEBUG_INFORMATION_FORMAT = "dwarf-with-dsym";
				ENABLE_NS_ASSERTIONS = NO;
				ENABLE_STRICT_OBJC_MSGSEND = YES;
				GCC_C_LANGUAGE_STANDARD = gnu99;
				GCC_NO_COMMON_BLOCKS = YES;
				GCC_WARN_64_TO_32_BIT_CONVERSION = YES;
				GCC_WARN_ABOUT_RETURN_TYPE = YES_ERROR;
				GCC_WARN_UNDECLARED_SELECTOR = YES;
				GCC_WARN_UNINITIALIZED_AUTOS = YES_AGGRESSIVE;
				GCC_WARN_UNUSED_FUNCTION = YES;
				GCC_WARN_UNUSED_VARIABLE = YES;
				IPHONEOS_DEPLOYMENT_TARGET = 8.4;
				MTL_ENABLE_DEBUG_INFO = NO;
				SDKROOT = iphoneos;
				VALIDATE_PRODUCT = YES;
			};
			name = Release;
		};
		1480B5A71BC25E8000AE417B /* Debug */ = {
			isa = XCBuildConfiguration;
			buildSettings = {
				ASSETCATALOG_COMPILER_APPICON_NAME = AppIcon;
				CLANG_ENABLE_MODULES = YES;
				INFOPLIST_FILE = Smarte/Info.plist;
				IPHONEOS_DEPLOYMENT_TARGET = 8.0;
				LD_RUNPATH_SEARCH_PATHS = "$(inherited) @executable_path/Frameworks";
				PRODUCT_NAME = "$(TARGET_NAME)";
				SWIFT_OBJC_BRIDGING_HEADER = "Smarte/Smarte-Bridging-Header.h";
				SWIFT_OPTIMIZATION_LEVEL = "-Onone";
			};
			name = Debug;
		};
		1480B5A81BC25E8000AE417B /* Release */ = {
			isa = XCBuildConfiguration;
			buildSettings = {
				ASSETCATALOG_COMPILER_APPICON_NAME = AppIcon;
				CLANG_ENABLE_MODULES = YES;
				INFOPLIST_FILE = Smarte/Info.plist;
				IPHONEOS_DEPLOYMENT_TARGET = 8.0;
				LD_RUNPATH_SEARCH_PATHS = "$(inherited) @executable_path/Frameworks";
				PRODUCT_NAME = "$(TARGET_NAME)";
				SWIFT_OBJC_BRIDGING_HEADER = "Smarte/Smarte-Bridging-Header.h";
			};
			name = Release;
		};
		1480B5AA1BC25E8000AE417B /* Debug */ = {
			isa = XCBuildConfiguration;
			buildSettings = {
				BUNDLE_LOADER = "$(TEST_HOST)";
				FRAMEWORK_SEARCH_PATHS = (
					"$(SDKROOT)/Developer/Library/Frameworks",
					"$(inherited)",
				);
				GCC_PREPROCESSOR_DEFINITIONS = (
					"DEBUG=1",
					"$(inherited)",
				);
				INFOPLIST_FILE = SmarteTests/Info.plist;
				LD_RUNPATH_SEARCH_PATHS = "$(inherited) @executable_path/Frameworks @loader_path/Frameworks";
				PRODUCT_NAME = "$(TARGET_NAME)";
				TEST_HOST = "$(BUILT_PRODUCTS_DIR)/Smarte.app/Smarte";
			};
			name = Debug;
		};
		1480B5AB1BC25E8000AE417B /* Release */ = {
			isa = XCBuildConfiguration;
			buildSettings = {
				BUNDLE_LOADER = "$(TEST_HOST)";
				FRAMEWORK_SEARCH_PATHS = (
					"$(SDKROOT)/Developer/Library/Frameworks",
					"$(inherited)",
				);
				INFOPLIST_FILE = SmarteTests/Info.plist;
				LD_RUNPATH_SEARCH_PATHS = "$(inherited) @executable_path/Frameworks @loader_path/Frameworks";
				PRODUCT_NAME = "$(TARGET_NAME)";
				TEST_HOST = "$(BUILT_PRODUCTS_DIR)/Smarte.app/Smarte";
			};
			name = Release;
		};
/* End XCBuildConfiguration section */

/* Begin XCConfigurationList section */
		1480B57F1BC25E7F00AE417B /* Build configuration list for PBXProject "Smarte" */ = {
			isa = XCConfigurationList;
			buildConfigurations = (
				1480B5A41BC25E8000AE417B /* Debug */,
				1480B5A51BC25E8000AE417B /* Release */,
			);
			defaultConfigurationIsVisible = 0;
			defaultConfigurationName = Release;
		};
		1480B5A61BC25E8000AE417B /* Build configuration list for PBXNativeTarget "Smarte" */ = {
			isa = XCConfigurationList;
			buildConfigurations = (
				1480B5A71BC25E8000AE417B /* Debug */,
				1480B5A81BC25E8000AE417B /* Release */,
			);
			defaultConfigurationIsVisible = 0;
			defaultConfigurationName = Release;
		};
		1480B5A91BC25E8000AE417B /* Build configuration list for PBXNativeTarget "SmarteTests" */ = {
			isa = XCConfigurationList;
			buildConfigurations = (
				1480B5AA1BC25E8000AE417B /* Debug */,
				1480B5AB1BC25E8000AE417B /* Release */,
			);
			defaultConfigurationIsVisible = 0;
			defaultConfigurationName = Release;
		};
/* End XCConfigurationList section */

/* Begin XCVersionGroup section */
		1480B58B1BC25E7F00AE417B /* Smarte.xcdatamodeld */ = {
			isa = XCVersionGroup;
			children = (
				1480B58C1BC25E7F00AE417B /* Smarte.xcdatamodel */,
			);
			currentVersion = 1480B58C1BC25E7F00AE417B /* Smarte.xcdatamodel */;
			path = Smarte.xcdatamodeld;
			sourceTree = "<group>";
			versionGroupType = wrapper.xcdatamodel;
		};
/* End XCVersionGroup section */
	};
	rootObject = 1480B57C1BC25E7F00AE417B /* Project object */;
}
